
Microsoft Visual Studio Solution File, Format Version 12.00
# Visual Studio Version 17
VisualStudioVersion = 17.1.32414.318
MinimumVisualStudioVersion = 10.0.40219.1
Project("{9A19103F-16F7-4668-BE54-9A1E7A4F7556}") = "SortedList", "SortedList\SortedList.csproj", "{1D703A26-D89C-49F9-A05F-ED7975F7BE52}"
EndProject
Project("{9A19103F-16F7-4668-BE54-9A1E7A4F7556}") = "SortedListDotNetCoreMSUnitTest", "SortedListDotNetCoreMSUnitTest\SortedListDotNetCoreMSUnitTest.csproj", "{72985A1D-BCF4-4EAD-BAEA-A86879F3D499}"
EndProject
Project("{FAE04EC0-301F-11D3-BF4B-00C04F79EFBC}") = "SortedListBenchmarks", "SortedListBenchmarks\SortedListBenchmarks.csproj", "{DDB5EE36-7706-4D9A-A649-172009703FBF}"
EndProject
Global
	GlobalSection(SolutionConfigurationPlatforms) = preSolution
		Debug|Any CPU = Debug|Any CPU
		Release|Any CPU = Release|Any CPU
	EndGlobalSection
	GlobalSection(ProjectConfigurationPlatforms) = postSolution
		{1D703A26-D89C-49F9-A05F-ED7975F7BE52}.Debug|Any CPU.ActiveCfg = Debug|Any CPU
		{1D703A26-D89C-49F9-A05F-ED7975F7BE52}.Debug|Any CPU.Build.0 = Debug|Any CPU
		{1D703A26-D89C-49F9-A05F-ED7975F7BE52}.Release|Any CPU.ActiveCfg = Release|Any CPU
		{1D703A26-D89C-49F9-A05F-ED7975F7BE52}.Release|Any CPU.Build.0 = Release|Any CPU
		{72985A1D-BCF4-4EAD-BAEA-A86879F3D499}.Debug|Any CPU.ActiveCfg = Debug|Any CPU
		{72985A1D-BCF4-4EAD-BAEA-A86879F3D499}.Debug|Any CPU.Build.0 = Debug|Any CPU
		{72985A1D-BCF4-4EAD-BAEA-A86879F3D499}.Release|Any CPU.ActiveCfg = Release|Any CPU
		{72985A1D-BCF4-4EAD-BAEA-A86879F3D499}.Release|Any CPU.Build.0 = Release|Any CPU
		{DDB5EE36-7706-4D9A-A649-172009703FBF}.Debug|Any CPU.ActiveCfg = Debug|Any CPU
		{DDB5EE36-7706-4D9A-A649-172009703FBF}.Debug|Any CPU.Build.0 = Debug|Any CPU
		{DDB5EE36-7706-4D9A-A649-172009703FBF}.Release|Any CPU.ActiveCfg = Release|Any CPU
		{DDB5EE36-7706-4D9A-A649-172009703FBF}.Release|Any CPU.Build.0 = Release|Any CPU
	EndGlobalSection
	GlobalSection(SolutionProperties) = preSolution
		HideSolutionNode = FALSE
	EndGlobalSection
	GlobalSection(ExtensibilityGlobals) = postSolution
		SolutionGuid = {EC6E490B-B73D-466C-981B-922E2380F5E7}
	EndGlobalSection
EndGlobal
